github.com/go-chi/chi/v5 v5.1.0 h1:acVI1TYaD+hhedDJ3r54HyA6sExp3HfXq7QWEEY/xMw=
github.com/go-chi/chi/v5 v5.1.0/go.mod h1:DslCQbL2OYiznFReuXYUmQ2hGd1aDpCnlMNITLSKoi8=
github.com/togo-framework/dns v0.0.0-20260624220730-18cd1b881f82 h1:buj6YzHT/FMbDTfUXrfw0EHTVNYUX6eGjki6N0VGmo8=
github.com/togo-framework/dns v0.0.0-20260624220730-18cd1b881f82/go.mod h1:ZzBRufXujJ3UqkXBQrYda7BN2K7op80CHIDkvuu37fM=
github.com/togo-framework/togo v0.20.1 h1:sygmzwKZ2WBYlxxFk+SaCcZgAKp0LtjA4cHcdcoGR4g=
github.com/togo-framework/togo v0.20.1/go.mod h1:/ybNefL1VWo0Pod32+YwW7ZgyInyXzOq3jGPBjUJYtc=
